# THIS IS AN AUTOGENERATED FILE. DO NOT EDIT THIS FILE DIRECTLY.
# yarn lockfile v1


"@nodeutils/defaults-deep@^1.1.0":
  version "1.1.0"
  resolved "https://registry.yarnpkg.com/@nodeutils/defaults-deep/-/defaults-deep-1.1.0.tgz#bb1124dc8d7ce0bc5da1d668ace58149258ef20b"
  integrity sha1-uxEk3I184LxdodZorOWBSSWO8gs=
  dependencies:
    lodash "^4.15.0"

asmcrypto.js@^2.3.2:
  version "2.3.2"
  resolved "https://registry.yarnpkg.com/asmcrypto.js/-/asmcrypto.js-2.3.2.tgz#b9f84bd0a1fb82f21f8c29cc284a707ad17bba2e"
  integrity sha512-3FgFARf7RupsZETQ1nHnhLUUvpcttcCq1iZCaVAbJZbCZ5VNRrNyvpDyHTOb0KC3llFcsyOT/a99NZcCbeiEsA==

asn1.js@^5.0.1:
  version "5.0.1"
  resolved "https://registry.yarnpkg.com/asn1.js/-/asn1.js-5.0.1.tgz#7668b56416953f0ce3421adbb3893ace59c96f59"
  integrity sha512-aO8EaEgbgqq77IEw+1jfx5c9zTbzvkfuRBuZsSsPnTHMkmd5AI4J6OtITLZFa381jReeaQL67J0GBTUu0+ZTVw==
  dependencies:
    bn.js "^4.0.0"
    inherits "^2.0.1"
    minimalistic-assert "^1.0.0"

async@^2.6.0, async@^2.6.1, async@^2.6.2:
  version "2.6.2"
  resolved "https://registry.yarnpkg.com/async/-/async-2.6.2.tgz#18330ea7e6e313887f5d2f2a904bac6fe4dd5381"
  integrity sha512-H1qVYh1MYhEEFLsP97cVKqCGo7KfCyTt6uEWqsTBr9SO84oK9Uwbyd/yCW+6rKJLHksBNUVWZDAjfS+Ccx0Bbg==
  dependencies:
    lodash "^4.17.11"

base-x@^3.0.2:
  version "3.0.5"
  resolved "https://registry.yarnpkg.com/base-x/-/base-x-3.0.5.tgz#d3ada59afed05b921ab581ec3112e6444ba0795a"
  integrity sha512-C3picSgzPSLE+jW3tcBzJoGwitOtazb5B+5YmAxZm2ybmTi9LNgAtDO/jjVEBZwHoXmDBZ9m/IELj3elJVRBcA==
  dependencies:
    safe-buffer "^5.0.1"

bignumber.js@^8.1.1:
  version "8.1.1"
  resolved "https://registry.yarnpkg.com/bignumber.js/-/bignumber.js-8.1.1.tgz#4b072ae5aea9c20f6730e4e5d529df1271c4d885"
  integrity sha512-QD46ppGintwPGuL1KqmwhR0O+N2cZUg8JG/VzwI2e28sM9TqHjQB10lI4QAaMHVbLzwVLLAwEglpKPViWX+5NQ==

bindings@^1.2.1, bindings@^1.3.0:
  version "1.5.0"
  resolved "https://registry.yarnpkg.com/bindings/-/bindings-1.5.0.tgz#10353c9e945334bc0511a6d90b38fbc7c9c504df"
  integrity sha512-p2q/t/mhvuOj/UeLlV6566GD/guowlr0hHxClI0W9m7MWYkL1F0hLo+0Aexs9HSPCtR1SXQ0TD3MMKrXZajbiQ==
  dependencies:
    file-uri-to-path "1.0.0"

bip66@^1.1.3:
  version "1.1.5"
  resolved "https://registry.yarnpkg.com/bip66/-/bip66-1.1.5.tgz#01fa8748785ca70955d5011217d1b3139969ca22"
  integrity sha1-AfqHSHhcpwlV1QESF9GzE5lpyiI=
  dependencies:
    safe-buffer "^5.0.1"

blakejs@^1.1.0:
  version "1.1.0"
  resolved "https://registry.yarnpkg.com/blakejs/-/blakejs-1.1.0.tgz#69df92ef953aa88ca51a32df6ab1c54a155fc7a5"
  integrity sha1-ad+S75U6qIylGjLfarHFShVfx6U=

bn.js@^4.0.0, bn.js@^4.11.3, bn.js@^4.11.8, bn.js@^4.4.0:
  version "4.11.8"
  resolved "https://registry.yarnpkg.com/bn.js/-/bn.js-4.11.8.tgz#2cde09eb5ee341f484746bb0309b3253b1b1442f"
  integrity sha512-ItfYfPLkWHUjckQCk8xC+LwxgK8NYcXywGigJgSwOP8Y2iyWT4f2vsZnoOXTTbo+o5yXmIUJ4gn5538SO5S3gA==

brorand@^1.0.1:
  version "1.1.0"
  resolved "https://registry.yarnpkg.com/brorand/-/brorand-1.1.0.tgz#12c25efe40a45e3c323eb8675a0a0ce57b22371f"
  integrity sha1-EsJe/kCkXjwyPrhnWgoM5XsiNx8=

browserify-aes@^1.0.6, browserify-aes@^1.2.0:
  version "1.2.0"
  resolved "https://registry.yarnpkg.com/browserify-aes/-/browserify-aes-1.2.0.tgz#326734642f403dabc3003209853bb70ad428ef48"
  integrity sha512-+7CHXqGuspUn/Sl5aO7Ea0xWGAtETPXNSAjHo48JfLdPWcMng33Xe4znFvQweqc/uzk5zSOI3H52CYnjCfb5hA==
  dependencies:
    buffer-xor "^1.0.3"
    cipher-base "^1.0.0"
    create-hash "^1.1.0"
    evp_bytestokey "^1.0.3"
    inherits "^2.0.1"
    safe-buffer "^5.0.1"

bs58@^4.0.1:
  version "4.0.1"
  resolved "https://registry.yarnpkg.com/bs58/-/bs58-4.0.1.tgz#be161e76c354f6f788ae4071f63f34e8c4f0a42a"
  integrity sha1-vhYedsNU9veIrkBx9j806MTwpCo=
  dependencies:
    base-x "^3.0.2"

buffer-alloc-unsafe@^1.0.0:
  version "1.1.0"
  resolved "https://registry.yarnpkg.com/buffer-alloc-unsafe/-/buffer-alloc-unsafe-1.1.0.tgz#bd7dc26ae2972d0eda253be061dba992349c19f0"
  integrity sha512-TEM2iMIEQdJ2yjPJoSIsldnleVaAk1oW3DBVUykyOLsEsFmEc9kn+SFFPz+gl54KQNxlDnAwCXosOS9Okx2xAg==

buffer-xor@^1.0.3:
  version "1.0.3"
  resolved "https://registry.yarnpkg.com/buffer-xor/-/buffer-xor-1.0.3.tgz#26e61ed1422fb70dd42e6e36729ed51d855fe8d9"
  integrity sha1-JuYe0UIvtw3ULm42cp7VHYVf6Nk=

cipher-base@^1.0.0, cipher-base@^1.0.1, cipher-base@^1.0.3:
  version "1.0.4"
  resolved "https://registry.yarnpkg.com/cipher-base/-/cipher-base-1.0.4.tgz#8760e4ecc272f4c363532f926d874aae2c1397de"
  integrity sha512-Kkht5ye6ZGmwv40uUDZztayT2ThLQGfnj/T71N/XzeZeo3nf8foyW7zGTsPYkEya3m5f3cAypH+qe7YOrM1U2Q==
  dependencies:
    inherits "^2.0.1"
    safe-buffer "^5.0.1"

class-is@^1.1.0:
  version "1.1.0"
  resolved "https://registry.yarnpkg.com/class-is/-/class-is-1.1.0.tgz#9d3c0fba0440d211d843cec3dedfa48055005825"
  integrity sha512-rhjH9AG1fvabIDoGRVH587413LPjTZgmDF9fOFCbFJQV4yuocX1mHxxvXI4g3cGwbVY9wAYIoKlg1N79frJKQw==

clone-deep@^2.0.1:
  version "2.0.2"
  resolved "https://registry.yarnpkg.com/clone-deep/-/clone-deep-2.0.2.tgz#00db3a1e173656730d1188c3d6aced6d7ea97713"
  integrity sha512-SZegPTKjCgpQH63E+eN6mVEEPdQBOUzjyJm5Pora4lrwWRFS8I0QAxV/KD6vV/i0WuijHZWQC1fMsPEdxfdVCQ==
  dependencies:
    for-own "^1.0.0"
    is-plain-object "^2.0.4"
    kind-of "^6.0.0"
    shallow-clone "^1.0.0"

core-util-is@~1.0.0:
  version "1.0.2"
  resolved "https://registry.yarnpkg.com/core-util-is/-/core-util-is-1.0.2.tgz#b5fd54220aa2bc5ab57aab7140c940754503c1a7"
  integrity sha1-tf1UIgqivFq1eqtxQMlAdUUDwac=

create-hash@^1.1.0, create-hash@^1.1.2:
  version "1.2.0"
  resolved "https://registry.yarnpkg.com/create-hash/-/create-hash-1.2.0.tgz#889078af11a63756bcfb59bd221996be3a9ef196"
  integrity sha512-z00bCGNHDG8mHAkP7CtT1qVu+bFQUPjYq/4Iv3C3kWjTFV10zIjfSoeqXo9Asws8gwSHDGj/hl2u4OGIjapeCg==
  dependencies:
    cipher-base "^1.0.1"
    inherits "^2.0.1"
    md5.js "^1.3.4"
    ripemd160 "^2.0.1"
    sha.js "^2.4.0"

create-hmac@^1.1.4:
  version "1.1.7"
  resolved "https://registry.yarnpkg.com/create-hmac/-/create-hmac-1.1.7.tgz#69170c78b3ab957147b2b8b04572e47ead2243ff"
  integrity sha512-MJG9liiZ+ogc4TzUwuvbER1JRdgvUFSB5+VR/g5h82fGaIRWMWddtKBHi7/sVhfjQZ6SehlyhvQYrcYkaUIpLg==
  dependencies:
    cipher-base "^1.0.3"
    create-hash "^1.1.0"
    inherits "^2.0.1"
    ripemd160 "^2.0.0"
    safe-buffer "^5.0.1"
    sha.js "^2.4.8"

debug@^2.6.0:
  version "2.6.9"
  resolved "https://registry.yarnpkg.com/debug/-/debug-2.6.9.tgz#5d128515df134ff327e90a4c93f4e077a536341f"
  integrity sha512-bC7ElrdJaJnPbAP+1EotYvqZsb3ecl5wi6Bfi6BJTUcNowp6cvspg0jXznRTKDjm/E7AdgFBVeAPVMNcKGsHMA==
  dependencies:
    ms "2.0.0"

debug@^3.1.0:
  version "3.2.6"
  resolved "https://registry.yarnpkg.com/debug/-/debug-3.2.6.tgz#e83d17de16d8a7efb7717edbe5fb10135eee629b"
  integrity sha512-mel+jf7nrtEl5Pn1Qx46zARXKDpBbvzezse7p7LqINmdoIk8PYP5SySaxEmYv6TZ0JyEKA1hsCId6DIhgITtWQ==
  dependencies:
    ms "^2.1.1"

debug@^4.1.0, debug@^4.1.1:
  version "4.1.1"
  resolved "https://registry.yarnpkg.com/debug/-/debug-4.1.1.tgz#3b72260255109c6b589cee050f1d516139664791"
  integrity sha512-pYAIzeRo8J6KPEaJ0VWOh5Pzkbw/RetuzehGM7QRRX5he4fPHx2rdKMB256ehJCkX+XRQm16eZLqLNS8RSZXZw==
  dependencies:
    ms "^2.1.1"

drbg.js@^1.0.1:
  version "1.0.1"
  resolved "https://registry.yarnpkg.com/drbg.js/-/drbg.js-1.0.1.tgz#3e36b6c42b37043823cdbc332d58f31e2445480b"
  integrity sha1-Pja2xCs3BDgjzbwzLVjzHiRFSAs=
  dependencies:
    browserify-aes "^1.0.6"
    create-hash "^1.1.2"
    create-hmac "^1.1.4"

elliptic@^6.2.3:
  version "6.4.1"
  resolved "https://registry.yarnpkg.com/elliptic/-/elliptic-6.4.1.tgz#c2d0b7776911b86722c632c3c06c60f2f819939a"
  integrity sha512-BsXLz5sqX8OHcsh7CqBMztyXARmGQ3LWPtGjJi6DiJHq5C/qvi9P3OqgswKSDftbu8+IoI/QDTAm2fFnQ9SZSQ==
  dependencies:
    bn.js "^4.4.0"
    brorand "^1.0.1"
    hash.js "^1.0.0"
    hmac-drbg "^1.0.0"
    inherits "^2.0.1"
    minimalistic-assert "^1.0.0"
    minimalistic-crypto-utils "^1.0.0"

err-code@^1.1.2:
  version "1.1.2"
  resolved "https://registry.yarnpkg.com/err-code/-/err-code-1.1.2.tgz#06e0116d3028f6aef4806849eb0ea6a748ae6960"
  integrity sha1-BuARbTAo9q70gGhJ6w6mp0iuaWA=

evp_bytestokey@^1.0.3:
  version "1.0.3"
  resolved "https://registry.yarnpkg.com/evp_bytestokey/-/evp_bytestokey-1.0.3.tgz#7fcbdb198dc71959432efe13842684e0525acb02"
  integrity sha512-/f2Go4TognH/KvCISP7OUsHn85hT9nUkxxA9BEWxFn+Oj9o8ZNLm/40hdlgSLyuOimsrTKLUMEorQexp/aPQeA==
  dependencies:
    md5.js "^1.3.4"
    safe-buffer "^5.1.1"

file-uri-to-path@1.0.0:
  version "1.0.0"
  resolved "https://registry.yarnpkg.com/file-uri-to-path/-/file-uri-to-path-1.0.0.tgz#553a7b8446ff6f684359c445f1e37a05dacc33dd"
  integrity sha512-0Zt+s3L7Vf1biwWZ29aARiVYLx7iMGnEUl9x33fbB/j3jR81u/O2LbqK+Bm1CDSNDKVtJ/YjwY7TUd5SkeLQLw==

for-in@^0.1.3:
  version "0.1.8"
  resolved "https://registry.yarnpkg.com/for-in/-/for-in-0.1.8.tgz#d8773908e31256109952b1fdb9b3fa867d2775e1"
  integrity sha1-2Hc5COMSVhCZUrH9ubP6hn0ndeE=

for-in@^1.0.1:
  version "1.0.2"
  resolved "https://registry.yarnpkg.com/for-in/-/for-in-1.0.2.tgz#81068d295a8142ec0ac726c6e2200c30fb6d5e80"
  integrity sha1-gQaNKVqBQuwKxybG4iAMMPttXoA=

for-own@^1.0.0:
  version "1.0.0"
  resolved "https://registry.yarnpkg.com/for-own/-/for-own-1.0.0.tgz#c63332f415cedc4b04dbfe70cf836494c53cb44b"
  integrity sha1-xjMy9BXO3EsE2/5wz4NklMU8tEs=
  dependencies:
    for-in "^1.0.1"

fsm-event@^2.1.0:
  version "2.1.0"
  resolved "https://registry.yarnpkg.com/fsm-event/-/fsm-event-2.1.0.tgz#d385716ed38f9c92feab2ba601e2aac6c0ba5a92"
  integrity sha1-04VxbtOPnJL+qyumAeKqxsC6WpI=
  dependencies:
    fsm "^1.0.2"

fsm@^1.0.2:
  version "1.0.2"
  resolved "https://registry.yarnpkg.com/fsm/-/fsm-1.0.2.tgz#e2eb9b29747e806bbb90f8d5453e2f9d7bd23783"
  integrity sha1-4uubKXR+gGu7kPjVRT4vnXvSN4M=
  dependencies:
    split "~0.3.0"

hash-base@^3.0.0:
  version "3.0.4"
  resolved "https://registry.yarnpkg.com/hash-base/-/hash-base-3.0.4.tgz#5fc8686847ecd73499403319a6b0a3f3f6ae4918"
  integrity sha1-X8hoaEfs1zSZQDMZprCj8/auSRg=
  dependencies:
    inherits "^2.0.1"
    safe-buffer "^5.0.1"

hash.js@^1.0.0, hash.js@^1.0.3:
  version "1.1.7"
  resolved "https://registry.yarnpkg.com/hash.js/-/hash.js-1.1.7.tgz#0babca538e8d4ee4a0f8988d68866537a003cf42"
  integrity sha512-taOaskGt4z4SOANNseOviYDvjEJinIkRgmp7LbKP2YTTmVxWBl87s/uzK9r+44BclBSp2X7K1hqeNfz9JbBeXA==
  dependencies:
    inherits "^2.0.3"
    minimalistic-assert "^1.0.1"

hashlru@^2.3.0:
  version "2.3.0"
  resolved "https://registry.yarnpkg.com/hashlru/-/hashlru-2.3.0.tgz#5dc15928b3f6961a2056416bb3a4910216fdfb51"
  integrity sha512-0cMsjjIC8I+D3M44pOQdsy0OHXGLVz6Z0beRuufhKa0KfaD2wGwAev6jILzXsd3/vpnNQJmWyZtIILqM1N+n5A==

hmac-drbg@^1.0.0:
  version "1.0.1"
  resolved "https://registry.yarnpkg.com/hmac-drbg/-/hmac-drbg-1.0.1.tgz#d2745701025a6c775a6c545793ed502fc0c649a1"
  integrity sha1-0nRXAQJabHdabFRXk+1QL8DGSaE=
  dependencies:
    hash.js "^1.0.3"
    minimalistic-assert "^1.0.0"
    minimalistic-crypto-utils "^1.0.1"

inherits@^2.0.1, inherits@^2.0.3, inherits@~2.0.3:
  version "2.0.3"
  resolved "https://registry.yarnpkg.com/inherits/-/inherits-2.0.3.tgz#633c2c83e3da42a502f52466022480f4208261de"
  integrity sha1-Yzwsg+PaQqUC9SRmAiSA9CCCYd4=

interface-connection@~0.3.2, interface-connection@~0.3.3:
  version "0.3.3"
  resolved "https://registry.yarnpkg.com/interface-connection/-/interface-connection-0.3.3.tgz#d82dd81efee5f2d40d7cb0fd75e6e858f92fa199"
  integrity sha512-OV9Rj7AhUlssWJTO6nOazJdPFGqWDOVZ3j5aM+i0RPKyTzR87vJ949VqhMyKkCIR0GBAaNqfB7F4YA70a/QWiw==
  dependencies:
    pull-defer "~0.2.3"

ip-address@^5.8.9:
  version "5.9.0"
  resolved "https://registry.yarnpkg.com/ip-address/-/ip-address-5.9.0.tgz#e501b3a0da9e31d9a14ef7ccdc05c5552c465954"
  integrity sha512-+4yKpEyent8IpjuDQVkIpzIDbxSlCHTPdmaXCRLH0ttt3YsrbNxuZJ6h+1wLPx10T7gWsLN7M6BXIHV2vZNOGw==
  dependencies:
    jsbn "1.1.0"
    lodash.find "^4.6.0"
    lodash.max "^4.0.1"
    lodash.merge "^4.6.1"
    lodash.padstart "^4.6.1"
    lodash.repeat "^4.1.0"
    sprintf-js "1.1.1"

ip-regex@^2.0.0:
  version "2.1.0"
  resolved "https://registry.yarnpkg.com/ip-regex/-/ip-regex-2.1.0.tgz#fa78bf5d2e6913c911ce9f819ee5146bb6d844e9"
  integrity sha1-+ni/XS5pE8kRzp+BnuUUa7bYROk=

ip@^1.1.5:
  version "1.1.5"
  resolved "https://registry.yarnpkg.com/ip/-/ip-1.1.5.tgz#bdded70114290828c0a039e72ef25f5aaec4354a"
  integrity sha1-vd7XARQpCCjAoDnnLvJfWq7ENUo=

is-extendable@^0.1.1:
  version "0.1.1"
  resolved "https://registry.yarnpkg.com/is-extendable/-/is-extendable-0.1.1.tgz#62b110e289a471418e3ec36a617d472e301dfc89"
  integrity sha1-YrEQ4omkcUGOPsNqYX1HLjAd/Ik=

is-ip@^2.0.0:
  version "2.0.0"
  resolved "https://registry.yarnpkg.com/is-ip/-/is-ip-2.0.0.tgz#68eea07e8a0a0a94c2d080dd674c731ab2a461ab"
  integrity sha1-aO6gfooKCpTC0IDdZ0xzGrKkYas=
  dependencies:
    ip-regex "^2.0.0"

is-plain-object@^2.0.4:
  version "2.0.4"
  resolved "https://registry.yarnpkg.com/is-plain-object/-/is-plain-object-2.0.4.tgz#2c163b3fafb1b606d9d17928f05c2a1c38e07677"
  integrity sha512-h5PpgXkWitc38BBMYawTYMWJHFZJVnBquFE57xFpjB8pJFiF6gZ+bU+WyI/yqXiFR5mdLsgYNaPe8uao6Uv9Og==
  dependencies:
    isobject "^3.0.1"

is-promise@~1, is-promise@~1.0.0:
  version "1.0.1"
  resolved "https://registry.yarnpkg.com/is-promise/-/is-promise-1.0.1.tgz#31573761c057e33c2e91aab9e96da08cefbe76e5"
  integrity sha1-MVc3YcBX4zwukaq56W2gjO++duU=

isarray@~1.0.0:
  version "1.0.0"
  resolved "https://registry.yarnpkg.com/isarray/-/isarray-1.0.0.tgz#bb935d48582cba168c06834957a54a3e07124f11"
  integrity sha1-u5NdSFgsuhaMBoNJV6VKPgcSTxE=

iso-random-stream@^1.1.0:
  version "1.1.0"
  resolved "https://registry.yarnpkg.com/iso-random-stream/-/iso-random-stream-1.1.0.tgz#c1dc1bb43dd8da6524df9cbc6253b010806585c8"
  integrity sha512-ywSWt0KrWcsaK0jVoVJIR30rLyjg9Rw3k2Sm/qp+3tdtSV0SNH7L7KilKnENcENOSoJxDFvpt2idvuMMQohdCQ==

iso-url@^0.4.4:
  version "0.4.6"
  resolved "https://registry.yarnpkg.com/iso-url/-/iso-url-0.4.6.tgz#45005c4af4984cad4f8753da411b41b74cf0a8a6"
  integrity sha512-YQO7+aIe6l1aSJUKOx+Vrv08DlhZeLFIVfehG2L29KLSEb9RszqPXilxJRVpp57px36BddKR5ZsebacO5qG0tg==

isobject@^3.0.1:
  version "3.0.1"
  resolved "https://registry.yarnpkg.com/isobject/-/isobject-3.0.1.tgz#4e431e92b11a9731636aa1f9c8d1ccbcfdab78df"
  integrity sha1-TkMekrEalzFjaqH5yNHMvP2reN8=

js-sha3@~0.8.0:
  version "0.8.0"
  resolved "https://registry.yarnpkg.com/js-sha3/-/js-sha3-0.8.0.tgz#b9b7a5da73afad7dedd0f8c463954cbde6818840"
  integrity sha512-gF1cRrHhIzNfToc802P800N8PpXS+evLLXfsVpowqmAFR9uwbi89WvXg2QspOmXL8QL86J4T1EpFu+yUkwJY3Q==

jsbn@1.1.0:
  version "1.1.0"
  resolved "https://registry.yarnpkg.com/jsbn/-/jsbn-1.1.0.tgz#b01307cb29b618a1ed26ec79e911f803c4da0040"
  integrity sha1-sBMHyym2GKHtJux56RH4A8TaAEA=

keypair@^1.0.1:
  version "1.0.1"
  resolved "https://registry.yarnpkg.com/keypair/-/keypair-1.0.1.tgz#7603719270afb6564ed38a22087a06fc9aa4ea1b"
  integrity sha1-dgNxknCvtlZO04oiCHoG/Jqk6hs=

kind-of@^5.0.0:
  version "5.1.0"
  resolved "https://registry.yarnpkg.com/kind-of/-/kind-of-5.1.0.tgz#729c91e2d857b7a419a1f9aa65685c4c33f5845d"
  integrity sha512-NGEErnH6F2vUuXDh+OlbcKW7/wOcfdRHaZ7VWtqCztfHri/++YKmP51OdWeGPuqCOba6kk2OTe5d02VmTB80Pw==

kind-of@^6.0.0, kind-of@^6.0.1:
  version "6.0.2"
  resolved "https://registry.yarnpkg.com/kind-of/-/kind-of-6.0.2.tgz#01146b36a6218e64e58f3a8d66de5d7fc6f6d051"
  integrity sha512-s5kLOcnH0XqDO+FvuaLX8DDjZ18CGFk7VygH40QoKPUQhW4e2rvM0rwUq0t8IQDOwYSeLK01U90OjzBTme2QqA==

latency-monitor@~0.2.1:
  version "0.2.1"
  resolved "https://registry.yarnpkg.com/latency-monitor/-/latency-monitor-0.2.1.tgz#4043d5f23de86e2bfcef6ced4a3b5b922e1dd7ed"
  integrity sha1-QEPV8j3obiv872ztSjtbki4d1+0=
  dependencies:
    debug "^2.6.0"
    lodash "^4.17.4"

length-prefixed-stream@^1.6.0:
  version "1.6.0"
  resolved "https://registry.yarnpkg.com/length-prefixed-stream/-/length-prefixed-stream-1.6.0.tgz#6aeeecf38a337172ea0472250e90f5e15b8b2334"
  integrity sha512-gsJvrb5giDqil/ScQ7fEoplsI2Ch4DwnvnfTW2EGl9KBW6Ekzn8JSNESObqNAeZD8HkSjEMvc5XjhuB66fsSZQ==
  dependencies:
    buffer-alloc-unsafe "^1.0.0"
    readable-stream "^2.0.0"
    varint "^5.0.0"

length-prefixed-stream@^2.0.0:
  version "2.0.0"
  resolved "https://registry.yarnpkg.com/length-prefixed-stream/-/length-prefixed-stream-2.0.0.tgz#16e603c97aefb46f43ae4b5d22f1734ecd14ffce"
  integrity sha512-dvjTuWTKWe0oEznQcG6a9osfiYknCs7DEFJMP88n9Y581IFhYh1sZIgAFcuDOojKB0G7ftPreKhh4D0kh/VPjQ==
  dependencies:
    inherits "^2.0.3"
    readable-stream "^3.1.1"
    varint "^5.0.0"

libp2p-circuit@~0.3.6:
  version "0.3.6"
  resolved "https://registry.yarnpkg.com/libp2p-circuit/-/libp2p-circuit-0.3.6.tgz#cab020526dba73dcde3a95c0d9334be0058368ab"
  integrity sha512-aeLAyQKIvWOxD5AWJ5M6z9XNUWerfBmUNQEEOoGDVW91PW95BrxqtOmaCXOXiMct7qpT4gz2RtAPES55dDwbIQ==
  dependencies:
    async "^2.6.2"
    debug "^4.1.1"
    interface-connection "~0.3.3"
    mafmt "^6.0.6"
    multiaddr "^6.0.4"
    once "^1.4.0"
    peer-id "~0.12.2"
    peer-info "~0.15.1"
    protons "^1.0.1"
    pull-handshake "^1.1.4"
    pull-length-prefixed "^1.3.1"
    pull-pair "^1.1.0"
    pull-stream "^3.6.9"

libp2p-connection-manager@~0.1.0:
  version "0.1.0"
  resolved "https://registry.yarnpkg.com/libp2p-connection-manager/-/libp2p-connection-manager-0.1.0.tgz#1807d8dcdb27619d69899a38c43f842f66b25652"
  integrity sha512-Md5UERlkD+KUsdUQRJE+B+UBq/KwOTo650z8Bl0zEfKjfnv/yMeFhucnf14suYBnzIIdGsckYn66xbeki31BLw==
  dependencies:
    debug "^4.1.1"
    latency-monitor "~0.2.1"

libp2p-crypto-secp256k1@~0.3.0:
  version "0.3.0"
  resolved "https://registry.yarnpkg.com/libp2p-crypto-secp256k1/-/libp2p-crypto-secp256k1-0.3.0.tgz#47ce694fa3c9f2a8b61b11e66d29f1b101d9e985"
  integrity sha512-+rF3S5p2pzS4JLDwVE6gLWZeaKkpl4NkYwG+0knV6ot29UcRSb73OyCWl07r1h5+g9E3KZC3wpsu+RIK5w8zQA==
  dependencies:
    async "^2.6.1"
    bs58 "^4.0.1"
    multihashing-async "~0.5.1"
    nodeify "^1.0.1"
    safe-buffer "^5.1.2"
    secp256k1 "^3.6.1"

libp2p-crypto@~0.16.0, libp2p-crypto@~0.16.1:
  version "0.16.1"
  resolved "https://registry.yarnpkg.com/libp2p-crypto/-/libp2p-crypto-0.16.1.tgz#40aa07e95a0a7fe6887ea3868625e74c81c34d75"
  integrity sha512-+fxqy+cDjwOKK4KTj44WQmjPE5ep2eR5uAIQWHl/+RKvRSor3+RAY53VWkAecgAEvjX2AswxBsoCIJK1Qk5aIQ==
  dependencies:
    asmcrypto.js "^2.3.2"
    asn1.js "^5.0.1"
    async "^2.6.1"
    bn.js "^4.11.8"
    browserify-aes "^1.2.0"
    bs58 "^4.0.1"
    iso-random-stream "^1.1.0"
    keypair "^1.0.1"
    libp2p-crypto-secp256k1 "~0.3.0"
    multihashing-async "~0.5.1"
    node-forge "~0.7.6"
    pem-jwk "^2.0.0"
    protons "^1.0.1"
    rsa-pem-to-jwk "^1.1.3"
    tweetnacl "^1.0.0"
    ursa-optional "~0.9.10"

libp2p-floodsub@~0.15.8:
  version "0.15.8"
  resolved "https://registry.yarnpkg.com/libp2p-floodsub/-/libp2p-floodsub-0.15.8.tgz#ecfd94162825ed7b5431ccbe672f5bf58f7efab2"
  integrity sha512-tsRTRRz9vg3iPqhSgkn4gotX635Hp/VMxPd4VQZlRvO8pZsfZwd61Qn9Vx8bES881RhRX0YpGM4Sa0izInHEWA==
  dependencies:
    async "^2.6.1"
    bs58 "^4.0.1"
    debug "^4.1.1"
    length-prefixed-stream "^1.6.0"
    libp2p-crypto "~0.16.0"
    libp2p-pubsub "~0.0.1"
    protons "^1.0.1"
    pull-length-prefixed "^1.3.1"
    pull-pushable "^2.2.0"
    pull-stream "^3.6.9"
    time-cache "~0.3.0"

libp2p-identify@~0.7.6:
  version "0.7.6"
  resolved "https://registry.yarnpkg.com/libp2p-identify/-/libp2p-identify-0.7.6.tgz#b17fad2ec0df76d6ca6b5b0a7e58b04620b8dbe9"
  integrity sha512-QleYqI6f8ah6G6sQU9uaIa9FVOtyp6LtiqopfjrmAIO5Oz22Zw+dpT7FcEXvYP7kL036Es2vzZm0js0pOWw1MA==
  dependencies:
    multiaddr "^6.0.4"
    peer-id "~0.12.2"
    peer-info "~0.15.1"
    protons "^1.0.1"
    pull-length-prefixed "^1.3.1"
    pull-stream "^3.6.9"

libp2p-ping@~0.8.5:
  version "0.8.5"
  resolved "https://registry.yarnpkg.com/libp2p-ping/-/libp2p-ping-0.8.5.tgz#e7fb9fb32d9ff0d6b51be52caef4395ce1a17613"
  integrity sha512-BzCN3+jp1SvJQZlXq2G3TMkyK5UOOf3JO+CZMnaUEHYlRgQf2zShYta5XU2IGx0EJA/23iCdCL+LjBP/DOvbkQ==
  dependencies:
    libp2p-crypto "~0.16.0"
    pull-handshake "^1.1.4"
    pull-stream "^3.6.9"

libp2p-pubsub@~0.0.1:
  version "0.0.4"
  resolved "https://registry.yarnpkg.com/libp2p-pubsub/-/libp2p-pubsub-0.0.4.tgz#8c4b53b32b2e2cd6838e9e4dfc48e2ba010bfcb8"
  integrity sha512-j6cup6pQ1060Qhn8Lw2wzoGISyvQgvsFNiGngn5Yld8LaHKgP2T6wgJMEe0e69uEa3yqCWxe+QWFO5RcA1AJDw==
  dependencies:
    async "^2.6.2"
    bs58 "^4.0.1"
    debug "^4.1.1"
    err-code "^1.1.2"
    length-prefixed-stream "^2.0.0"
    libp2p-crypto "~0.16.1"
    protons "^1.0.1"
    pull-length-prefixed "^1.3.1"
    pull-pushable "^2.2.0"
    pull-stream "^3.6.9"
    time-cache "~0.3.0"

libp2p-switch@~0.42.9:
  version "0.42.11"
  resolved "https://registry.yarnpkg.com/libp2p-switch/-/libp2p-switch-0.42.11.tgz#31bf5b08718eeb9c6e9b033614521d58671698f8"
  integrity sha512-F0iIZXG8snM/ADwD9bsCzwJzxYv/tF4jHsn7n9MUypAN3aESJtexiI9KeDisRRY8rlwvUzwMZLx4C1NE5PFTxA==
  dependencies:
    async "^2.6.2"
    bignumber.js "^8.1.1"
    class-is "^1.1.0"
    debug "^4.1.1"
    err-code "^1.1.2"
    fsm-event "^2.1.0"
    hashlru "^2.3.0"
    interface-connection "~0.3.3"
    libp2p-circuit "~0.3.6"
    libp2p-identify "~0.7.6"
    moving-average "^1.0.0"
    multiaddr "^6.0.6"
    multistream-select "~0.14.4"
    once "^1.4.0"
    peer-id "~0.12.2"
    peer-info "~0.15.1"
    pull-stream "^3.6.9"
    retimer "^2.0.0"

libp2p-tcp@^0.13.0:
  version "0.13.0"
  resolved "https://registry.yarnpkg.com/libp2p-tcp/-/libp2p-tcp-0.13.0.tgz#597f0f837890ca07b062b75593a4d58b755122b2"
  integrity sha512-bsmfxi+uVegK61x9UxBEgWtvujPl+zwzuVEyaVRs2IxHu6OE5MGKnj7AflzlK4e3w2HZn8nm4qwMV5m+fhqK1g==
  dependencies:
    class-is "^1.1.0"
    debug "^3.1.0"
    interface-connection "~0.3.2"
    ip-address "^5.8.9"
    lodash.includes "^4.3.0"
    lodash.isfunction "^3.0.9"
    mafmt "^6.0.2"
    multiaddr "^5.0.0"
    once "^1.4.0"
    stream-to-pull-stream "^1.7.2"

libp2p-websockets@~0.12.2:
  version "0.12.2"
  resolved "https://registry.yarnpkg.com/libp2p-websockets/-/libp2p-websockets-0.12.2.tgz#eecf25564cbe6b0e9017bb411c2a8abec8c9f29b"
  integrity sha512-K/Jg/fWFfP5NyiLx01EJcoAcYQO00RSHpZfPQDR3May6ABvOseAjq45SrUDdDCW5mCS0502Vz1VjRrZdOXw8zQ==
  dependencies:
    class-is "^1.1.0"
    debug "^4.1.1"
    interface-connection "~0.3.2"
    mafmt "^6.0.4"
    multiaddr-to-uri "^4.0.1"
    pull-ws hugomrdias/pull-ws#fix/bundle-size

libp2p@^0.25.2:
  version "0.25.2"
  resolved "https://registry.yarnpkg.com/libp2p/-/libp2p-0.25.2.tgz#9dacc888973f2bb8c67c7338e778a6a1c132a0e6"
  integrity sha512-P64H8ukhm8YqGj3YF9hBgADWbbHvWoG3ZAgR6LeWXONPaekXvPkrvUMTrr5uLoeY3VL5YIkeS7hSI+AMyl6/hg==
  dependencies:
    async "^2.6.2"
    debug "^4.1.1"
    err-code "^1.1.2"
    fsm-event "^2.1.0"
    libp2p-connection-manager "~0.1.0"
    libp2p-floodsub "~0.15.8"
    libp2p-ping "~0.8.5"
    libp2p-switch "~0.42.9"
    libp2p-websockets "~0.12.2"
    mafmt "^6.0.7"
    multiaddr "^6.0.6"
    once "^1.4.0"
    peer-book "~0.9.1"
    peer-id "~0.12.2"
    peer-info "~0.15.1"
    superstruct "~0.6.0"

lodash.filter@^4.6.0:
  version "4.6.0"
  resolved "https://registry.yarnpkg.com/lodash.filter/-/lodash.filter-4.6.0.tgz#668b1d4981603ae1cc5a6fa760143e480b4c4ace"
  integrity sha1-ZosdSYFgOuHMWm+nYBQ+SAtMSs4=

lodash.find@^4.6.0:
  version "4.6.0"
  resolved "https://registry.yarnpkg.com/lodash.find/-/lodash.find-4.6.0.tgz#cb0704d47ab71789ffa0de8b97dd926fb88b13b1"
  integrity sha1-ywcE1Hq3F4n/oN6Ll92Sb7iLE7E=

lodash.includes@^4.3.0:
  version "4.3.0"
  resolved "https://registry.yarnpkg.com/lodash.includes/-/lodash.includes-4.3.0.tgz#60bb98a87cb923c68ca1e51325483314849f553f"
  integrity sha1-YLuYqHy5I8aMoeUTJUgzFISfVT8=

lodash.isfunction@^3.0.9:
  version "3.0.9"
  resolved "https://registry.yarnpkg.com/lodash.isfunction/-/lodash.isfunction-3.0.9.tgz#06de25df4db327ac931981d1bdb067e5af68d051"
  integrity sha512-AirXNj15uRIMMPihnkInB4i3NHeb4iBtNg9WRWuK2o31S+ePwwNmDPaTL3o7dTJ+VXNZim7rFs4rxN4YU1oUJw==

lodash.map@^4.6.0:
  version "4.6.0"
  resolved "https://registry.yarnpkg.com/lodash.map/-/lodash.map-4.6.0.tgz#771ec7839e3473d9c4cde28b19394c3562f4f6d3"
  integrity sha1-dx7Hg540c9nEzeKLGTlMNWL09tM=

lodash.max@^4.0.1:
  version "4.0.1"
  resolved "https://registry.yarnpkg.com/lodash.max/-/lodash.max-4.0.1.tgz#8735566c618b35a9f760520b487ae79658af136a"
  integrity sha1-hzVWbGGLNan3YFILSHrnllivE2o=

lodash.merge@^4.6.1:
  version "4.6.1"
  resolved "https://registry.yarnpkg.com/lodash.merge/-/lodash.merge-4.6.1.tgz#adc25d9cb99b9391c59624f379fbba60d7111d54"
  integrity sha512-AOYza4+Hf5z1/0Hztxpm2/xiPZgi/cjMqdnKTUWTBSKchJlxXXuUSxCCl8rJlf4g6yww/j6mA8nC8Hw/EZWxKQ==

lodash.padstart@^4.6.1:
  version "4.6.1"
  resolved "https://registry.yarnpkg.com/lodash.padstart/-/lodash.padstart-4.6.1.tgz#d2e3eebff0d9d39ad50f5cbd1b52a7bce6bb611b"
  integrity sha1-0uPuv/DZ05rVD1y9G1KnvOa7YRs=

lodash.repeat@^4.1.0:
  version "4.1.0"
  resolved "https://registry.yarnpkg.com/lodash.repeat/-/lodash.repeat-4.1.0.tgz#fc7de8131d8c8ac07e4b49f74ffe829d1f2bec44"
  integrity sha1-/H3oEx2MisB+S0n3T/6CnR8r7EQ=

lodash.throttle@^4.1.1:
  version "4.1.1"
  resolved "https://registry.yarnpkg.com/lodash.throttle/-/lodash.throttle-4.1.1.tgz#c23e91b710242ac70c37f1e1cda9274cc39bf2f4"
  integrity sha1-wj6RtxAkKscMN/HhzaknTMOb8vQ=

lodash@^4.15.0, lodash@^4.17.11, lodash@^4.17.4:
  version "4.17.11"
  resolved "https://registry.yarnpkg.com/lodash/-/lodash-4.17.11.tgz#b39ea6229ef607ecd89e2c8df12536891cac9b8d"
  integrity sha512-cQKh8igo5QUhZ7lg38DYWAxMvjSAKG0A8wGSVimP07SIUEK2UO+arSRKbRZWtelMtN5V0Hkwh5ryOto/SshYIg==

looper@^3.0.0:
  version "3.0.0"
  resolved "https://registry.yarnpkg.com/looper/-/looper-3.0.0.tgz#2efa54c3b1cbaba9b94aee2e5914b0be57fbb749"
  integrity sha1-LvpUw7HLq6m5Su4uWRSwvlf7t0k=

mafmt@^6.0.2, mafmt@^6.0.4, mafmt@^6.0.6, mafmt@^6.0.7:
  version "6.0.7"
  resolved "https://registry.yarnpkg.com/mafmt/-/mafmt-6.0.7.tgz#80312e08bfba0f89e2daa403525f33e07d9b97fa"
  integrity sha512-2OG/EGAJZmpZBl7YRT1hD83sZa2gKsUEdegRuURreIOe7B4VeHU1rYYmhgk7BkLzknGL3xGYsDx3bbSgEEzE7g==
  dependencies:
    multiaddr "^6.0.4"

md5.js@^1.3.4:
  version "1.3.5"
  resolved "https://registry.yarnpkg.com/md5.js/-/md5.js-1.3.5.tgz#b5d07b8e3216e3e27cd728d72f70d1e6a342005f"
  integrity sha512-xitP+WxNPcTTOgnTJcrhM0xvdPepipPSf3I8EIpGKeFLjt3PlJLIDG3u8EX53ZIubkb+5U2+3rELYpEhHhzdkg==
  dependencies:
    hash-base "^3.0.0"
    inherits "^2.0.1"
    safe-buffer "^5.1.2"

minimalistic-assert@^1.0.0, minimalistic-assert@^1.0.1:
  version "1.0.1"
  resolved "https://registry.yarnpkg.com/minimalistic-assert/-/minimalistic-assert-1.0.1.tgz#2e194de044626d4a10e7f7fbc00ce73e83e4d5c7"
  integrity sha512-UtJcAD4yEaGtjPezWuO9wC4nwUnVH/8/Im3yEHQP4b67cXlD/Qr9hdITCU1xDbSEXg2XKNaP8jsReV7vQd00/A==

minimalistic-crypto-utils@^1.0.0, minimalistic-crypto-utils@^1.0.1:
  version "1.0.1"
  resolved "https://registry.yarnpkg.com/minimalistic-crypto-utils/-/minimalistic-crypto-utils-1.0.1.tgz#f6c00c1c0b082246e5c4d99dfb8c7c083b2b582a"
  integrity sha1-9sAMHAsIIkblxNmd+4x8CDsrWCo=

mixin-object@^2.0.1:
  version "2.0.1"
  resolved "https://registry.yarnpkg.com/mixin-object/-/mixin-object-2.0.1.tgz#4fb949441dab182540f1fe035ba60e1947a5e57e"
  integrity sha1-T7lJRB2rGCVA8f4DW6YOGUel5X4=
  dependencies:
    for-in "^0.1.3"
    is-extendable "^0.1.1"

moving-average@^1.0.0:
  version "1.0.0"
  resolved "https://registry.yarnpkg.com/moving-average/-/moving-average-1.0.0.tgz#b1247ba8dd2d7927c619f1eac8036cf933d65adc"
  integrity sha512-97cgMz0U2zciiDp4xRl/n+MYgrm9l7UiYbtsBLPr0rhw6KH3m4LyK2w4d96V6+UwKo+ph7KtQSoL2qgnqZVgvA==

ms@2.0.0:
  version "2.0.0"
  resolved "https://registry.yarnpkg.com/ms/-/ms-2.0.0.tgz#5608aeadfc00be6c2901df5f9861788de0d597c8"
  integrity sha1-VgiurfwAvmwpAd9fmGF4jeDVl8g=

ms@^2.1.1:
  version "2.1.1"
  resolved "https://registry.yarnpkg.com/ms/-/ms-2.1.1.tgz#30a5864eb3ebb0a66f2ebe6d727af06a09d86e0a"
  integrity sha512-tgp+dl5cGk28utYktBsrFqA7HKgrhgPsg6Z/EfhWI4gl1Hwq8B/GmY/0oXZ6nF8hDVesS/FpnYaD/kOWhYQvyg==

multiaddr-to-uri@^4.0.1:
  version "4.0.1"
  resolved "https://registry.yarnpkg.com/multiaddr-to-uri/-/multiaddr-to-uri-4.0.1.tgz#3b89d2a460a96602a16f3bfe296ee771ecb2558b"
  integrity sha512-RVHKm5NXcMWMIhrwF4B4Q34JtMXt1/2wgnDTnKRE+AGAiXfqFika0bIfCsAtLp+gZJOWeDLeT1vR6P0gGyVAtg==
  dependencies:
    multiaddr "^6.0.3"

multiaddr@^5.0.0:
  version "5.0.2"
  resolved "https://registry.yarnpkg.com/multiaddr/-/multiaddr-5.0.2.tgz#bffc4ebf0ef208ce40eab8cd6f146296b61aa0e3"
  integrity sha512-dXz1chaUHV6L6okujDLS7uRA6NmCbitpikOJA0vMMnrwVyai5kC3ot2CSLrSfj3B8XIgNzpe/j5auSYrnbGGzA==
  dependencies:
    bs58 "^4.0.1"
    class-is "^1.1.0"
    ip "^1.1.5"
    ip-address "^5.8.9"
    lodash.filter "^4.6.0"
    lodash.map "^4.6.0"
    varint "^5.0.0"
    xtend "^4.0.1"

multiaddr@^6.0.3, multiaddr@^6.0.4, multiaddr@^6.0.6:
  version "6.0.6"
  resolved "https://registry.yarnpkg.com/multiaddr/-/multiaddr-6.0.6.tgz#99296d219d4f21b6520c7eaf43fd3ef9306d7a63"
  integrity sha512-nR4s91mi7IKed1jrqUj/4OhZ1VKdAjUG79IuVB5PS6b+qxOZLKPW8nsskHhrfGn4o1Rn1NJWl7znidF/NVQpEA==
  dependencies:
    bs58 "^4.0.1"
    class-is "^1.1.0"
    ip "^1.1.5"
    is-ip "^2.0.0"
    varint "^5.0.0"

multihashes@~0.4.13:
  version "0.4.14"
  resolved "https://registry.yarnpkg.com/multihashes/-/multihashes-0.4.14.tgz#774db9a161f81a8a27dc60788f91248e020f5244"
  integrity sha512-V/g/EIN6nALXfS/xHUAgtfPP3mn3sPIF/i9beuGKf25QXS2QZYCpeVJbDPEannkz32B2fihzCe2D/KMrbcmefg==
  dependencies:
    bs58 "^4.0.1"
    varint "^5.0.0"

multihashing-async@~0.5.1:
  version "0.5.2"
  resolved "https://registry.yarnpkg.com/multihashing-async/-/multihashing-async-0.5.2.tgz#4af40e0dde2f1dbb12a7c6b265181437ac26b9de"
  integrity sha512-mmyG6M/FKxrpBh9xQDUvuJ7BbqT93ZeEeH5X6LeMYKoYshYLr9BDdCsvDtZvn+Egf+/Xi+aOznrWL4vp3s+p0Q==
  dependencies:
    blakejs "^1.1.0"
    js-sha3 "~0.8.0"
    multihashes "~0.4.13"
    murmurhash3js "^3.0.1"
    nodeify "^1.0.1"

multistream-select@~0.14.4:
  version "0.14.4"
  resolved "https://registry.yarnpkg.com/multistream-select/-/multistream-select-0.14.4.tgz#76d67e72decb0e8f5f47563ab65fb096a3dfc442"
  integrity sha512-pWC3AOtcJXXUtN+GpY66enRN0Qrw51mFuzhxs9TjVcjSllpA3bGYkwBlORUHiVjSTxBGZy7mR4VbsBDGrhQV3g==
  dependencies:
    async "^2.6.0"
    debug "^4.1.0"
    interface-connection "~0.3.2"
    once "^1.4.0"
    pull-handshake "^1.1.4"
    pull-length-prefixed "^1.3.1"
    pull-stream "^3.6.7"
    semver "^5.5.0"
    varint "^5.0.0"

murmurhash3js@^3.0.1:
  version "3.0.1"
  resolved "https://registry.yarnpkg.com/murmurhash3js/-/murmurhash3js-3.0.1.tgz#3e983e5b47c2a06f43a713174e7e435ca044b998"
  integrity sha1-Ppg+W0fCoG9DpxMXTn5DXKBEuZg=

nan@^2.11.1, nan@^2.2.1:
  version "2.13.2"
  resolved "https://registry.yarnpkg.com/nan/-/nan-2.13.2.tgz#f51dc7ae66ba7d5d55e1e6d4d8092e802c9aefe7"
  integrity sha512-TghvYc72wlMGMVMluVo9WRJc0mB8KxxF/gZ4YYFy7V2ZQX9l7rgbPg7vjS9mt6U5HXODVFVI2bOduCzwOMv/lw==

node-forge@~0.7.6:
  version "0.7.6"
  resolved "https://registry.yarnpkg.com/node-forge/-/node-forge-0.7.6.tgz#fdf3b418aee1f94f0ef642cd63486c77ca9724ac"
  integrity sha512-sol30LUpz1jQFBjOKwbjxijiE3b6pjd74YwfD0fJOKPjF+fONKb2Yg8rYgS6+bK6VDl+/wfr4IYpC7jDzLUIfw==

nodeify@^1.0.1:
  version "1.0.1"
  resolved "https://registry.yarnpkg.com/nodeify/-/nodeify-1.0.1.tgz#64ab69a7bdbaf03ce107b4f0335c87c0b9e91b1d"
  integrity sha1-ZKtpp7268DzhB7TwM1yHwLnpGx0=
  dependencies:
    is-promise "~1.0.0"
    promise "~1.3.0"

object-assign@^2.0.0:
  version "2.1.1"
  resolved "https://registry.yarnpkg.com/object-assign/-/object-assign-2.1.1.tgz#43c36e5d569ff8e4816c4efa8be02d26967c18aa"
  integrity sha1-Q8NuXVaf+OSBbE76i+AtJpZ8GKo=

once@^1.4.0:
  version "1.4.0"
  resolved "https://registry.yarnpkg.com/once/-/once-1.4.0.tgz#583b1aa775961d4b113ac17d9c50baef9dd76bd1"
  integrity sha1-WDsap3WWHUsROsF9nFC6753Xa9E=
  dependencies:
    wrappy "1"

optimist@~0.3.5:
  version "0.3.7"
  resolved "https://registry.yarnpkg.com/optimist/-/optimist-0.3.7.tgz#c90941ad59e4273328923074d2cf2e7cbc6ec0d9"
  integrity sha1-yQlBrVnkJzMokjB00s8ufLxuwNk=
  dependencies:
    wordwrap "~0.0.2"

options@>=0.0.5:
  version "0.0.6"
  resolved "https://registry.yarnpkg.com/options/-/options-0.0.6.tgz#ec22d312806bb53e731773e7cdaefcf1c643128f"
  integrity sha1-7CLTEoBrtT5zF3Pnza788cZDEo8=

peer-book@~0.9.1:
  version "0.9.1"
  resolved "https://registry.yarnpkg.com/peer-book/-/peer-book-0.9.1.tgz#42dffd7b1faf263bd6abe2907a26f7411f4dbf34"
  integrity sha512-Bnhsrruilysw5nFU0V2hcTmLnT2cRfc6mud62aaG1dkh9J8IkQ83IclcC2ziVPnEi8AFX8SQ1sSG7Qe0JTwIBA==
  dependencies:
    bs58 "^4.0.1"
    peer-id "~0.12.2"
    peer-info "~0.15.1"

peer-id@~0.12.2:
  version "0.12.2"
  resolved "https://registry.yarnpkg.com/peer-id/-/peer-id-0.12.2.tgz#0d1b876ebf21a528be9948c9cb7d30266342b2fd"
  integrity sha512-pked3yPLcOcprH21OnYbJAzk9OgI/TDEqjJ0IfRJSVB/61ZyqU5VKO7cw7hul+YD8nTD79wM79xFRWN3f6otNg==
  dependencies:
    async "^2.6.1"
    class-is "^1.1.0"
    libp2p-crypto "~0.16.0"
    multihashes "~0.4.13"

peer-info@~0.15.1:
  version "0.15.1"
  resolved "https://registry.yarnpkg.com/peer-info/-/peer-info-0.15.1.tgz#21254a7c516d0dd046b150120b9aaf1b9ad02146"
  integrity sha512-Y91Q2tZRC0CpSTPd1UebhGqniOrOAk/aj60uYUcWJXCoLTAnGu+4LJGoiay8ayudS6ice7l3SKhgL/cS62QacA==
  dependencies:
    mafmt "^6.0.2"
    multiaddr "^6.0.3"
    peer-id "~0.12.2"
    unique-by "^1.0.0"

pem-jwk@^2.0.0:
  version "2.0.0"
  resolved "https://registry.yarnpkg.com/pem-jwk/-/pem-jwk-2.0.0.tgz#1c5bb264612fc391340907f5c1de60c06d22f085"
  integrity sha512-rFxu7rVoHgQ5H9YsP50dDWf0rHjreVA2z0yPiWr5WdH/UHb29hKtF7h6l8vNd1cbYR1t0QL+JKhW55a2ZV4KtA==
  dependencies:
    asn1.js "^5.0.1"

process-nextick-args@~2.0.0:
  version "2.0.0"
  resolved "https://registry.yarnpkg.com/process-nextick-args/-/process-nextick-args-2.0.0.tgz#a37d732f4271b4ab1ad070d35508e8290788ffaa"
  integrity sha512-MtEC1TqN0EU5nephaJ4rAtThHtC86dNN9qCuEhtshvpVBkAW5ZO7BASN9REnF9eoXGcRub+pFuKEpOHE+HbEMw==

promise@~1.3.0:
  version "1.3.0"
  resolved "https://registry.yarnpkg.com/promise/-/promise-1.3.0.tgz#e5cc9a4c8278e4664ffedc01c7da84842b040175"
  integrity sha1-5cyaTIJ45GZP/twBx9qEhCsEAXU=
  dependencies:
    is-promise "~1"

protocol-buffers-schema@^3.3.1:
  version "3.3.2"
  resolved "https://registry.yarnpkg.com/protocol-buffers-schema/-/protocol-buffers-schema-3.3.2.tgz#00434f608b4e8df54c59e070efeefc37fb4bb859"
  integrity sha512-Xdayp8sB/mU+sUV4G7ws8xtYMGdQnxbeIfLjyO9TZZRJdztBGhlmbI5x1qcY4TG5hBkIKGnc28i7nXxaugu88w==

protons@^1.0.1:
  version "1.0.1"
  resolved "https://registry.yarnpkg.com/protons/-/protons-1.0.1.tgz#1c107144c07fc2d1cb8b6cb76451e6a938237676"
  integrity sha512-+0ZKnfVs+4c43tbAQ5j0Mck8wPcLnlxUYzKQoB4iDW4ocdXGnN4P+0dDbgX1FTpoY9+7P2Tn2scJyHHqj+S/lQ==
  dependencies:
    protocol-buffers-schema "^3.3.1"
    safe-buffer "^5.1.1"
    signed-varint "^2.0.1"
    varint "^5.0.0"

pull-cat@^1.1.9:
  version "1.1.11"
  resolved "https://registry.yarnpkg.com/pull-cat/-/pull-cat-1.1.11.tgz#b642dd1255da376a706b6db4fa962f5fdb74c31b"
  integrity sha1-tkLdElXaN2pwa220+pYvX9t0wxs=

pull-defer@~0.2.3:
  version "0.2.3"
  resolved "https://registry.yarnpkg.com/pull-defer/-/pull-defer-0.2.3.tgz#4ee09c6d9e227bede9938db80391c3dac489d113"
  integrity sha512-/An3KE7mVjZCqNhZsr22k1Tx8MACnUnHZZNPSJ0S62td8JtYr/AiRG42Vz7Syu31SoTLUzVIe61jtT/pNdjVYA==

pull-handshake@^1.1.4:
  version "1.1.4"
  resolved "https://registry.yarnpkg.com/pull-handshake/-/pull-handshake-1.1.4.tgz#6000a0fd018884cdfd737254f8cc60ab2a637791"
  integrity sha1-YACg/QGIhM39c3JU+Mxgqypjd5E=
  dependencies:
    pull-cat "^1.1.9"
    pull-pair "~1.1.0"
    pull-pushable "^2.0.0"
    pull-reader "^1.2.3"

pull-length-prefixed@^1.3.1:
  version "1.3.3"
  resolved "https://registry.yarnpkg.com/pull-length-prefixed/-/pull-length-prefixed-1.3.3.tgz#aa01aea117ef8be45ff6b0534e636827fa63b554"
  integrity sha512-tAvRbeHMrA3pqZVth8A0VAYeTG9+mpBpyzFPTwH65Jf6K5GYB3WFkvLSP/rgXFy+tJ+vqf6tol7gme13r0Z10g==
  dependencies:
    pull-pushable "^2.2.0"
    pull-reader "^1.3.1"
    safe-buffer "^5.1.2"
    varint "^5.0.0"

pull-pair@^1.1.0, pull-pair@~1.1.0:
  version "1.1.0"
  resolved "https://registry.yarnpkg.com/pull-pair/-/pull-pair-1.1.0.tgz#7ee427263fdf4da825397ac0a05e1ab4b74bd76d"
  integrity sha1-fuQnJj/fTaglOXrAoF4atLdL120=

pull-pushable@^2.0.0, pull-pushable@^2.2.0:
  version "2.2.0"
  resolved "https://registry.yarnpkg.com/pull-pushable/-/pull-pushable-2.2.0.tgz#5f2f3aed47ad86919f01b12a2e99d6f1bd776581"
  integrity sha1-Xy867UethpGfAbEqLpnW8b13ZYE=

pull-reader@^1.2.3, pull-reader@^1.3.1:
  version "1.3.1"
  resolved "https://registry.yarnpkg.com/pull-reader/-/pull-reader-1.3.1.tgz#03a253e37efce111223ea2dc1dec847be1940be6"
  integrity sha512-CBkejkE5nX50SiSEzu0Qoz4POTJMS/mw8G6aj3h3M/RJoKgggLxyF0IyTZ0mmpXFlXRcLmLmIEW4xeYn7AeDYw==

pull-stream@^3.2.3, pull-stream@^3.6.7, pull-stream@^3.6.9:
  version "3.6.10"
  resolved "https://registry.yarnpkg.com/pull-stream/-/pull-stream-3.6.10.tgz#602fffec56ab000a5d93c6099d64976c6d5805f4"
  integrity sha512-wRbdq8mDLYO4n8HoNI9rqPqb3Y6FWofr9ZlKnSYMT3P0iBr8qUoBNDm4ubOpef+oIpEcvjlmKNhiS42hgqEASw==

"pull-ws@github:hugomrdias/pull-ws#fix/bundle-size":
  version "3.3.1"
  resolved "https://codeload.github.com/hugomrdias/pull-ws/tar.gz/8e2ce0bb3b1cd6804828316e937fff8e0bef6225"
  dependencies:
    iso-url "^0.4.4"
    relative-url "^1.0.2"
    safe-buffer "^5.1.1"
    ws "^1.1.0"

readable-stream@^2.0.0:
  version "2.3.6"
  resolved "https://registry.yarnpkg.com/readable-stream/-/readable-stream-2.3.6.tgz#b11c27d88b8ff1fbe070643cf94b0c79ae1b0aaf"
  integrity sha512-tQtKA9WIAhBF3+VLAseyMqZeBjW0AHJoxOtYqSUZNJxauErmLbVm2FW1y+J/YA9dUrAC39ITejlZWhVIwawkKw==
  dependencies:
    core-util-is "~1.0.0"
    inherits "~2.0.3"
    isarray "~1.0.0"
    process-nextick-args "~2.0.0"
    safe-buffer "~5.1.1"
    string_decoder "~1.1.1"
    util-deprecate "~1.0.1"

readable-stream@^3.1.1:
  version "3.3.0"
  resolved "https://registry.yarnpkg.com/readable-stream/-/readable-stream-3.3.0.tgz#cb8011aad002eb717bf040291feba8569c986fb9"
  integrity sha512-EsI+s3k3XsW+fU8fQACLN59ky34AZ14LoeVZpYwmZvldCFo0r0gnelwF2TcMjLor/BTL5aDJVBMkss0dthToPw==
  dependencies:
    inherits "^2.0.3"
    string_decoder "^1.1.1"
    util-deprecate "^1.0.1"

relative-url@^1.0.2:
  version "1.0.2"
  resolved "https://registry.yarnpkg.com/relative-url/-/relative-url-1.0.2.tgz#d21c52a72d6061018bcee9f9c9fc106bf7d65287"
  integrity sha1-0hxSpy1gYQGLzun5yfwQa/fWUoc=

retimer@^2.0.0:
  version "2.0.0"
  resolved "https://registry.yarnpkg.com/retimer/-/retimer-2.0.0.tgz#e8bd68c5e5a8ec2f49ccb5c636db84c04063bbca"
  integrity sha512-KLXY85WkEq2V2bKex/LOO1ViXVn2KGYe4PYysAdYdjmraYIUsVkXu8O4am+8+5UbaaGl1qho4aqAAPHNQ4GSbg==

ripemd160@^2.0.0, ripemd160@^2.0.1:
  version "2.0.2"
  resolved "https://registry.yarnpkg.com/ripemd160/-/ripemd160-2.0.2.tgz#a1c1a6f624751577ba5d07914cbc92850585890c"
  integrity sha512-ii4iagi25WusVoiC4B4lq7pbXfAp3D9v5CwfkY33vffw2+pkDjY1D8GaN7spsxvCSx8dkPqOZCEZyfxcmJG2IA==
  dependencies:
    hash-base "^3.0.0"
    inherits "^2.0.1"

rsa-pem-to-jwk@^1.1.3:
  version "1.1.3"
  resolved "https://registry.yarnpkg.com/rsa-pem-to-jwk/-/rsa-pem-to-jwk-1.1.3.tgz#245e76bdb7e7234cfee7ca032d31b54c38fab98e"
  integrity sha1-JF52vbfnI0z+58oDLTG1TDj6uY4=
  dependencies:
    object-assign "^2.0.0"
    rsa-unpack "0.0.6"

rsa-unpack@0.0.6:
  version "0.0.6"
  resolved "https://registry.yarnpkg.com/rsa-unpack/-/rsa-unpack-0.0.6.tgz#f50ebd56a628378e631f297161026ce9ab4eddba"
  integrity sha1-9Q69VqYoN45jHylxYQJs6atO3bo=
  dependencies:
    optimist "~0.3.5"

safe-buffer@^5.0.1, safe-buffer@^5.1.0, safe-buffer@^5.1.1, safe-buffer@^5.1.2, safe-buffer@~5.1.0, safe-buffer@~5.1.1:
  version "5.1.2"
  resolved "https://registry.yarnpkg.com/safe-buffer/-/safe-buffer-5.1.2.tgz#991ec69d296e0313747d59bdfd2b745c35f8828d"
  integrity sha512-Gd2UZBJDkXlY7GbJxfsE8/nvKkUEU1G38c1siN6QP6a9PT9MmHB8GnpscSmMJSoF8LOIrt8ud/wPtojys4G6+g==

secp256k1@^3.6.1:
  version "3.6.2"
  resolved "https://registry.yarnpkg.com/secp256k1/-/secp256k1-3.6.2.tgz#da835061c833c74a12f75c73d2ec2e980f00dc1f"
  integrity sha512-90nYt7yb0LmI4A2jJs1grglkTAXrBwxYAjP9bpeKjvJKOjG2fOeH/YI/lchDMIvjrOasd5QXwvV2jwN168xNng==
  dependencies:
    bindings "^1.2.1"
    bip66 "^1.1.3"
    bn.js "^4.11.3"
    create-hash "^1.1.2"
    drbg.js "^1.0.1"
    elliptic "^6.2.3"
    nan "^2.2.1"
    safe-buffer "^5.1.0"

semver@^5.5.0:
  version "5.7.0"
  resolved "https://registry.yarnpkg.com/semver/-/semver-5.7.0.tgz#790a7cf6fea5459bac96110b29b60412dc8ff96b"
  integrity sha512-Ya52jSX2u7QKghxeoFGpLwCtGlt7j0oY9DYb5apt9nPlJ42ID+ulTXESnt/qAQcoSERyZ5sl3LDIOw0nAn/5DA==

sha.js@^2.4.0, sha.js@^2.4.8:
  version "2.4.11"
  resolved "https://registry.yarnpkg.com/sha.js/-/sha.js-2.4.11.tgz#37a5cf0b81ecbc6943de109ba2960d1b26584ae7"
  integrity sha512-QMEp5B7cftE7APOjk5Y6xgrbWu+WkLVQwk8JNjZ8nKRciZaByEW6MubieAiToS7+dwvrjGhH8jRXz3MVd0AYqQ==
  dependencies:
    inherits "^2.0.1"
    safe-buffer "^5.0.1"

shallow-clone@^1.0.0:
  version "1.0.0"
  resolved "https://registry.yarnpkg.com/shallow-clone/-/shallow-clone-1.0.0.tgz#4480cd06e882ef68b2ad88a3ea54832e2c48b571"
  integrity sha512-oeXreoKR/SyNJtRJMAKPDSvd28OqEwG4eR/xc856cRGBII7gX9lvAqDxusPm0846z/w/hWYjI1NpKwJ00NHzRA==
  dependencies:
    is-extendable "^0.1.1"
    kind-of "^5.0.0"
    mixin-object "^2.0.1"

signed-varint@^2.0.1:
  version "2.0.1"
  resolved "https://registry.yarnpkg.com/signed-varint/-/signed-varint-2.0.1.tgz#50a9989da7c98c2c61dad119bc97470ef8528129"
  integrity sha1-UKmYnafJjCxh2tEZvJdHDvhSgSk=
  dependencies:
    varint "~5.0.0"

split@~0.3.0:
  version "0.3.3"
  resolved "https://registry.yarnpkg.com/split/-/split-0.3.3.tgz#cd0eea5e63a211dfff7eb0f091c4133e2d0dd28f"
  integrity sha1-zQ7qXmOiEd//frDwkcQTPi0N0o8=
  dependencies:
    through "2"

sprintf-js@1.1.1:
  version "1.1.1"
  resolved "https://registry.yarnpkg.com/sprintf-js/-/sprintf-js-1.1.1.tgz#36be78320afe5801f6cea3ee78b6e5aab940ea0c"
  integrity sha1-Nr54Mgr+WAH2zqPueLblqrlA6gw=

stream-to-pull-stream@^1.7.2:
  version "1.7.3"
  resolved "https://registry.yarnpkg.com/stream-to-pull-stream/-/stream-to-pull-stream-1.7.3.tgz#4161aa2d2eb9964de60bfa1af7feaf917e874ece"
  integrity sha512-6sNyqJpr5dIOQdgNy/xcDWwDuzAsAwVzhzrWlAPAQ7Lkjx/rv0wgvxEyKwTq6FmNd5rjTrELt/CLmaSw7crMGg==
  dependencies:
    looper "^3.0.0"
    pull-stream "^3.2.3"

string_decoder@^1.1.1:
  version "1.2.0"
  resolved "https://registry.yarnpkg.com/string_decoder/-/string_decoder-1.2.0.tgz#fe86e738b19544afe70469243b2a1ee9240eae8d"
  integrity sha512-6YqyX6ZWEYguAxgZzHGL7SsCeGx3V2TtOTqZz1xSTSWnqsbWwbptafNyvf/ACquZUXV3DANr5BDIwNYe1mN42w==
  dependencies:
    safe-buffer "~5.1.0"

string_decoder@~1.1.1:
  version "1.1.1"
  resolved "https://registry.yarnpkg.com/string_decoder/-/string_decoder-1.1.1.tgz#9cf1611ba62685d7030ae9e4ba34149c3af03fc8"
  integrity sha512-n/ShnvDi6FHbbVfviro+WojiFzv+s8MPMHBczVePfUpDJLwoLT0ht1l4YwBCbi8pJAveEEdnkHyPyTP/mzRfwg==
  dependencies:
    safe-buffer "~5.1.0"

superstruct@~0.6.0:
  version "0.6.1"
  resolved "https://registry.yarnpkg.com/superstruct/-/superstruct-0.6.1.tgz#148fc3d627bb59fcfe24aa1bd2a1b8c51b1db072"
  integrity sha512-LDbOKL5sNbOJ00Q36iYRhSexKIptZje0/mhNznnz04wT9CmsPDZg/K/UV1dgYuCwNMuOBHTbVROZsGB9EhhK4w==
  dependencies:
    clone-deep "^2.0.1"
    kind-of "^6.0.1"

through@2:
  version "2.3.8"
  resolved "https://registry.yarnpkg.com/through/-/through-2.3.8.tgz#0dd4c9ffaabc357960b1b724115d7e0e86a2e1f5"
  integrity sha1-DdTJ/6q8NXlgsbckEV1+Doai4fU=

time-cache@~0.3.0:
  version "0.3.0"
  resolved "https://registry.yarnpkg.com/time-cache/-/time-cache-0.3.0.tgz#ed0dfcf0fda45cdc95fbd601fda830ebf1bd5d8b"
  integrity sha1-7Q388P2kXNyV+9YB/agw6/G9XYs=
  dependencies:
    lodash.throttle "^4.1.1"

tweetnacl@^1.0.0:
  version "1.0.1"
  resolved "https://registry.yarnpkg.com/tweetnacl/-/tweetnacl-1.0.1.tgz#2594d42da73cd036bd0d2a54683dd35a6b55ca17"
  integrity sha512-kcoMoKTPYnoeS50tzoqjPY3Uv9axeuuFAZY9M/9zFnhoVvRfxz9K29IMPD7jGmt2c8SW7i3gT9WqDl2+nV7p4A==

ultron@1.0.x:
  version "1.0.2"
  resolved "https://registry.yarnpkg.com/ultron/-/ultron-1.0.2.tgz#ace116ab557cd197386a4e88f4685378c8b2e4fa"
  integrity sha1-rOEWq1V80Zc4ak6I9GhTeMiy5Po=

unique-by@^1.0.0:
  version "1.0.0"
  resolved "https://registry.yarnpkg.com/unique-by/-/unique-by-1.0.0.tgz#5220c86ba7bc572fb713ad74651470cb644212bd"
  integrity sha1-UiDIa6e8Vy+3E610ZRRwy2RCEr0=

ursa-optional@~0.9.10:
  version "0.9.10"
  resolved "https://registry.yarnpkg.com/ursa-optional/-/ursa-optional-0.9.10.tgz#f2eabfe0b6001dbf07a78740cd0a6e5ba6eb2554"
  integrity sha512-RvEbhnxlggX4MXon7KQulTFiJQtLJZpSb9ZSa7ZTkOW0AzqiVTaLjI4vxaSzJBDH9dwZ3ltZadFiBaZslp6haA==
  dependencies:
    bindings "^1.3.0"
    nan "^2.11.1"

util-deprecate@^1.0.1, util-deprecate@~1.0.1:
  version "1.0.2"
  resolved "https://registry.yarnpkg.com/util-deprecate/-/util-deprecate-1.0.2.tgz#450d4dc9fa70de732762fbd2d4a28981419a0ccf"
  integrity sha1-RQ1Nyfpw3nMnYvvS1KKJgUGaDM8=

varint@^5.0.0, varint@~5.0.0:
  version "5.0.0"
  resolved "https://registry.yarnpkg.com/varint/-/varint-5.0.0.tgz#d826b89f7490732fabc0c0ed693ed475dcb29ebf"
  integrity sha1-2Ca4n3SQcy+rwMDtaT7Uddyynr8=

wordwrap@~0.0.2:
  version "0.0.3"
  resolved "https://registry.yarnpkg.com/wordwrap/-/wordwrap-0.0.3.tgz#a3d5da6cd5c0bc0008d37234bbaf1bed63059107"
  integrity sha1-o9XabNXAvAAI03I0u68b7WMFkQc=

wrappy@1:
  version "1.0.2"
  resolved "https://registry.yarnpkg.com/wrappy/-/wrappy-1.0.2.tgz#b5243d8f3ec1aa35f1364605bc0d1036e30ab69f"
  integrity sha1-tSQ9jz7BqjXxNkYFvA0QNuMKtp8=

ws@^1.1.0:
  version "1.1.5"
  resolved "https://registry.yarnpkg.com/ws/-/ws-1.1.5.tgz#cbd9e6e75e09fc5d2c90015f21f0c40875e0dd51"
  integrity sha512-o3KqipXNUdS7wpQzBHSe180lBGO60SoK0yVo3CYJgb2MkobuWuBX6dhkYP5ORCLd55y+SaflMOV5fqAB53ux4w==
  dependencies:
    options ">=0.0.5"
    ultron "1.0.x"

xtend@^4.0.1:
  version "4.0.1"
  resolved "https://registry.yarnpkg.com/xtend/-/xtend-4.0.1.tgz#a5c6d532be656e23db820efb943a1f04998d63af"
  integrity sha1-pcbVMr5lbiPbgg77lDofBJmNY68=
